// !$*UTF8*$!
{
	archiveVersion = 1;
	classes = {
	};
	objectVersion = 46;
	objects = {

/* Begin PBXBuildFile section */
		05A410EF1C8DB63900CDAC49 /* AppDelegate.swift in Sources */ = {isa = PBXBuildFile; fileRef = 05A410EE1C8DB63900CDAC49 /* AppDelegate.swift */; };
		05A410F11C8DB63900CDAC49 /* ViewController.swift in Sources */ = {isa = PBXBuildFile; fileRef = 05A410F01C8DB63900CDAC49 /* ViewController.swift */; };
		05A410F41C8DB63900CDAC49 /* Main.storyboard in Resources */ = {isa = PBXBuildFile; fileRef = 05A410F21C8DB63900CDAC49 /* Main.storyboard */; };
		05A410F61C8DB63900CDAC49 /* Assets.xcassets in Resources */ = {isa = PBXBuildFile; fileRef = 05A410F51C8DB63900CDAC49 /* Assets.xcassets */; };
		05A410F91C8DB63900CDAC49 /* LaunchScreen.storyboard in Resources */ = {isa = PBXBuildFile; fileRef = 05A410F71C8DB63900CDAC49 /* LaunchScreen.storyboard */; };
		05A411041C8DB63900CDAC49 /* gitTestUITests.swift in Sources */ = {isa = PBXBuildFile; fileRef = 05A411031C8DB63900CDAC49 /* gitTestUITests.swift */; };
/* End PBXBuildFile section */

/* Begin PBXContainerItemProxy section */
		05A411001C8DB63900CDAC49 /* PBXContainerItemProxy */ = {
			isa = PBXContainerItemProxy;
			containerPortal = 05A410E31C8DB63900CDAC49 /* Project object */;
			proxyType = 1;
			remoteGlobalIDString = 05A410EA1C8DB63900CDAC49;
			remoteInfo = gitTest;
		};
/* End PBXContainerItemProxy section */

/* Begin PBXFileReference section */
		05A410EB1C8DB63900CDAC49 /* gitTest.app */ = {isa = PBXFileReference; explicitFileType = wrapper.application; includeInIndex = 0; path = gitTest.app; sourceTree = BUILT_PRODUCTS_DIR; };
		05A410EE1C8DB63900CDAC49 /* AppDelegate.swift */ = {isa = PBXFileReference; lastKnownFileType = sourcecode.swift; path = AppDelegate.swift; sourceTree = "<group>"; };
		05A410F01C8DB63900CDAC49 /* ViewController.swift */ = {isa = PBXFileReference; lastKnownFileType = sourcecode.swift; path = ViewController.swift; sourceTree = "<group>"; };
		05A410F31C8DB63900CDAC49 /* Base */ = {isa = PBXFileReference; lastKnownFileType = file.storyboard; name = Base; path = Base.lproj/Main.storyboard; sourceTree = "<group>"; };
		05A410F51C8DB63900CDAC49 /* Assets.xcassets */ = {isa = PBXFileReference; lastKnownFileType = folder.assetcatalog; path = Assets.xcassets; sourceTree = "<group>"; };
		05A410F81C8DB63900CDAC49 /* Base */ = {isa = PBXFileReference; lastKnownFileType = file.storyboard; name = Base; path = Base.lproj/LaunchScreen.storyboard; sourceTree = "<group>"; };
		05A410FA1C8DB63900CDAC49 /* Info.plist */ = {isa = PBXFileReference; lastKnownFileType = text.plist.xml; path = Info.plist; sourceTree = "<group>"; };
		05A410FF1C8DB63900CDAC49 /* gitTestUITests.xctest */ = {isa = PBXFileReference; explicitFileType = wrapper.cfbundle; includeInIndex = 0; path = gitTestUITests.xctest; sourceTree = BUILT_PRODUCTS_DIR; };
		05A411031C8DB63900CDAC49 /* gitTestUITests.swift */ = {isa = PBXFileReference; lastKnownFileType = sourcecode.swift; path = gitTestUITests.swift; sourceTree = "<group>"; };
		05A411051C8DB63900CDAC49 /* Info.plist */ = {isa = PBXFileReference; lastKnownFileType = text.plist.xml; path = Info.plist; sourceTree = "<group>"; };
/* End PBXFileReference section */

/* Begin PBXFrameworksBuildPhase section */
		05A410E81C8DB63900CDAC49 /* Frameworks */ = {
			isa = PBXFrameworksBuildPhase;
			buildActionMask = 2147483647;
			files = (
			);
			runOnlyForDeploymentPostprocessing = 0;
		};
		05A410FC1C8DB63900CDAC49 /* Frameworks */ = {
			isa = PBXFrameworksBuildPhase;
			buildActionMask = 2147483647;
			files = (
			);
			runOnlyForDeploymentPostprocessing = 0;
		};
/* End PBXFrameworksBuildPhase section */

/* Begin PBXGroup section */
		05A410E21C8DB63900CDAC49 = {
			isa = PBXGroup;
			children = (
				05A410ED1C8DB63900CDAC49 /* gitTest */,
				05A411021C8DB63900CDAC49 /* gitTestUITests */,
				05A410EC1C8DB63900CDAC49 /* Products */,
			);
			sourceTree = "<group>";
		};
		05A410EC1C8DB63900CDAC49 /* Products */ = {
			isa = PBXGroup;
			children = (
				05A410EB1C8DB63900CDAC49 /* gitTest.app */,
				05A410FF1C8DB63900CDAC49 /* gitTestUITests.xctest */,
			);
			name = Products;
			sourceTree = "<group>";
		};
		05A410ED1C8DB63900CDAC49 /* gitTest */ = {
			isa = PBXGroup;
			children = (
				05A410EE1C8DB63900CDAC49 /* AppDelegate.swift */,
				05A410F01C8DB63900CDAC49 /* ViewController.swift */,
				05A410F21C8DB63900CDAC49 /* Main.storyboard */,
				05A410F51C8DB63900CDAC49 /* Assets.xcassets */,
				05A410F71C8DB63900CDAC49 /* LaunchScreen.storyboard */,
				05A410FA1C8DB63900CDAC49 /* Info.plist */,
			);
			path = gitTest;
			sourceTree = "<group>";
		};
		05A411021C8DB63900CDAC49 /* gitTestUITests */ = {
			isa = PBXGroup;
			children = (
				05A411031C8DB63900CDAC49 /* gitTestUITests.swift */,
				05A411051C8DB63900CDAC49 /* Info.plist */,
			);
			path = gitTestUITests;
			sourceTree = "<group>";
		};
/* End PBXGroup section */

/* Begin PBXNativeTarget section */
		05A410EA1C8DB63900CDAC49 /* gitTest */ = {
			isa = PBXNativeTarget;
			buildConfigurationList = 05A411081C8DB63900CDAC49 /* Build configuration list for PBXNativeTarget "gitTest" */;
			buildPhases = (
				05A410E71C8DB63900CDAC49 /* Sources */,
				05A410E81C8DB63900CDAC49 /* Frameworks */,
				05A410E91C8DB63900CDAC49 /* Resources */,
			);
			buildRules = (
			);
			dependencies = (
			);
			name = gitTest;
			productName = gitTest;
			productReference = 05A410EB1C8DB63900CDAC49 /* gitTest.app */;
			productType = "com.apple.product-type.application";
		};
		05A410FE1C8DB63900CDAC49 /* gitTestUITests */ = {
			isa = PBXNativeTarget;
			buildConfigurationList = 05A4110B1C8DB63900CDAC49 /* Build configuration list for PBXNativeTarget "gitTestUITests" */;
			buildPhases = (
				05A410FB1C8DB63900CDAC49 /* Sources */,
				05A410FC1C8DB63900CDAC49 /* Frameworks */,
				05A410FD1C8DB63900CDAC49 /* Resources */,
			);
			buildRules = (
			);
			dependencies = (
				05A411011C8DB63900CDAC49 /* PBXTargetDependency */,
			);
			name = gitTestUITests;
			productName = gitTestUITests;
			productReference = 05A410FF1C8DB63900CDAC49 /* gitTestUITests.xctest */;
			productType = "com.apple.product-type.bundle.ui-testing";
		};
/* End PBXNativeTarget section */

/* Begin PBXProject section */
		05A410E31C8DB63900CDAC49 /* Project object */ = {
			isa = PBXProject;
			attributes = {
				LastSwiftUpdateCheck = 0720;
				LastUpgradeCheck = 0720;
				ORGANIZATIONNAME = "Sofia M Andersson";
				TargetAttributes = {
					05A410EA1C8DB63900CDAC49 = {
						CreatedOnToolsVersion = 7.2.1;
						DevelopmentTeam = M48QP3AVB8;
					};
					05A410FE1C8DB63900CDAC49 = {
						CreatedOnToolsVersion = 7.2.1;
						DevelopmentTeam = M48QP3AVB8;
						TestTargetID = 05A410EA1C8DB63900CDAC49;
					};
				};
			};
			buildConfigurationList = 05A410E61C8DB63900CDAC49 /* Build configuration list for PBXProject "gitTest" */;
			compatibilityVersion = "Xcode 3.2";
			developmentRegion = English;
			hasScannedForEncodings = 0;
			knownRegions = (
				en,
				Base,
			);
			mainGroup = 05A410E21C8DB63900CDAC49;
			productRefGroup = 05A410EC1C8DB63900CDAC49 /* Products */;
			projectDirPath = "";
			projectRoot = "";
			targets = (
				05A410EA1C8DB63900CDAC49 /* gitTest */,
				05A410FE1C8DB63900CDAC49 /* gitTestUITests */,
			);
		};
/* End PBXProject section */

/* Begin PBXResourcesBuildPhase section */
		05A410E91C8DB63900CDAC49 /* Resources */ = {
			isa = PBXResourcesBuildPhase;
			buildActionMask = 2147483647;
			files = (
				05A410F91C8DB63900CDAC49 /* LaunchScreen.storyboard in Resources */,
				05A410F61C8DB63900CDAC49 /* Assets.xcassets in Resources */,
				05A410F41C8DB63900CDAC49 /* Main.storyboard in Resources */,
			);
			runOnlyForDeploymentPostprocessing = 0;
		};
		05A410FD1C8DB63900CDAC49 /* Resources */ = {
			isa = PBXResourcesBuildPhase;
			buildActionMask = 2147483647;
			files = (
			);
			runOnlyForDeploymentPostprocessing = 0;
		};
/* End PBXResourcesBuildPhase section */

/* Begin PBXSourcesBuildPhase section */
		05A410E71C8DB63900CDAC49 /* Sources */ = {
			isa = PBXSourcesBuildPhase;
			buildActionMask = 2147483647;
			files = (
				05A410F11C8DB63900CDAC49 /* ViewController.swift in Sources */,
				05A410EF1C8DB63900CDAC49 /* AppDelegate.swift in Sources */,
			);
			runOnlyForDeploymentPostprocessing = 0;
		};
		05A410FB1C8DB63900CDAC49 /* Sources */ = {
			isa = PBXSourcesBuildPhase;
			buildActionMask = 2147483647;
			files = (
				05A411041C8DB63900CDAC49 /* gitTestUITests.swift in Sources */,
			);
			runOnlyForDeploymentPostprocessing = 0;
		};
/* End PBXSourcesBuildPhase section */

/* Begin PBXTargetDependency section */
		05A411011C8DB63900CDAC49 /* PBXTargetDependency */ = {
			isa = PBXTargetDependency;
			target = 05A410EA1C8DB63900CDAC49 /* gitTest */;
			targetProxy = 05A411001C8DB63900CDAC49 /* PBXContainerItemProxy */;
		};
/* End PBXTargetDependency section */

/* Begin PBXVariantGroup section */
		05A410F21C8DB63900CDAC49 /* Main.storyboard */ = {
			isa = PBXVariantGroup;
			children = (
				05A410F31C8DB63900CDAC49 /* Base */,
			);
			name = Main.storyboard;
			sourceTree = "<group>";
		};
		05A410F71C8DB63900CDAC49 /* LaunchScreen.storyboard */ = {
			isa = PBXVariantGroup;
			children = (
				05A410F81C8DB63900CDAC49 /* Base */,
			);
			name = LaunchScreen.storyboard;
			sourceTree = "<group>";
		};
/* End PBXVariantGroup section */

/* Begin XCBuildConfiguration section */
		05A411061C8DB63900CDAC49 /* Debug */ = {
			isa = XCBuildConfiguration;
			buildSettings = {
				ALWAYS_SEARCH_USER_PATHS = NO;
				CLANG_CXX_LANGUAGE_STANDARD = "gnu++0x";
				CLANG_CXX_LIBRARY = "libc++";
				CLANG_ENABLE_MODULES = YES;
				CLANG_ENABLE_OBJC_ARC = YES;
				CLANG_WARN_BOOL_CONVERSION = YES;
				CLANG_WARN_CONSTANT_CONVERSION = YES;
				CLANG_WARN_DIRECT_OBJC_ISA_USAGE = YES_ERROR;
				CLANG_WARN_EMPTY_BODY = YES;
				CLANG_WARN_ENUM_CONVERSION = YES;
				CLANG_WARN_INT_CONVERSION = YES;
				CLANG_WARN_OBJC_ROOT_CLASS = YES_ERROR;
				CLANG_WARN_UNREACHABLE_CODE = YES;
				CLANG_WARN__DUPLICATE_METHOD_MATCH = YES;
				"CODE_SIGN_IDENTITY[sdk=iphoneos*]" = "iPhone Developer";
				COPY_PHASE_STRIP = NO;
				DEBUG_INFORMATION_FORMAT = dwarf;
				ENABLE_STRICT_OBJC_MSGSEND = YES;
				ENABLE_TESTABILITY = YES;
				GCC_C_LANGUAGE_STANDARD = gnu99;
				GCC_DYNAMIC_NO_PIC = NO;
				GCC_NO_COMMON_BLOCKS = YES;
				GCC_OPTIMIZATION_LEVEL = 0;
				GCC_PREPROCESSOR_DEFINITIONS = (
					"DEBUG=1",
					"$(inherited)",
				);
				GCC_WARN_64_TO_32_BIT_CONVERSION = YES;
				GCC_WARN_ABOUT_RETURN_TYPE = YES_ERROR;
				GCC_WARN_UNDECLARED_SELECTOR = YES;
				GCC_WARN_UNINITIALIZED_AUTOS = YES_AGGRESSIVE;
				GCC_WARN_UNUSED_FUNCTION = YES;
				GCC_WARN_UNUSED_VARIABLE = YES;
				IPHONEOS_DEPLOYMENT_TARGET = 9.2;
				MTL_ENABLE_DEBUG_INFO = YES;
				ONLY_ACTIVE_ARCH = YES;
				SDKROOT = iphoneos;
				SWIFT_OPTIMIZATION_LEVEL = "-Onone";
				TARGETED_DEVICE_FAMILY = "1,2";
			};
			name = Debug;
		};
		05A411071C8DB63900CDAC49 /* Release */ = {
			isa = XCBuildConfiguration;
			buildSettings = {
				ALWAYS_SEARCH_USER_PATHS = NO;
				CLANG_CXX_LANGUAGE_STANDARD = "gnu++0x";
				CLANG_CXX_LIBRARY = "libc++";
				CLANG_ENABLE_MODULES = YES;
				CLANG_ENABLE_OBJC_ARC = YES;
				CLANG_WARN_BOOL_CONVERSION = YES;
				CLANG_WARN_CONSTANT_CONVERSION = YES;
				CLANG_WARN_DIRECT_OBJC_ISA_USAGE = YES_ERROR;
				CLANG_WARN_EMPTY_BODY = YES;
				CLANG_WARN_ENUM_CONVERSION = YES;
				CLANG_WARN_INT_CONVERSION = YES;
				CLANG_WARN_OBJC_ROOT_CLASS = YES_ERROR;
				CLANG_WARN_UNREACHABLE_CODE = YES;
				CLANG_WARN__DUPLICATE_METHOD_MATCH = YES;
				"CODE_SIGN_IDENTITY[sdk=iphoneos*]" = "iPhone Developer";
				COPY_PHASE_STRIP = NO;
				DEBUG_INFORMATION_FORMAT = "dwarf-with-dsym";
				ENABLE_NS_ASSERTIONS = NO;
				ENABLE_STRICT_OBJC_MSGSEND = YES;
				GCC_C_LANGUAGE_STANDARD = gnu99;
				GCC_NO_COMMON_BLOCKS = YES;
				GCC_WARN_64_TO_32_BIT_CONVERSION = YES;
				GCC_WARN_ABOUT_RETURN_TYPE = YES_ERROR;
				GCC_WARN_UNDECLARED_SELECTOR = YES;
				GCC_WARN_UNINITIALIZED_AUTOS = YES_AGGRESSIVE;
				GCC_WARN_UNUSED_FUNCTION = YES;
				GCC_WARN_UNUSED_VARIABLE = YES;
				IPHONEOS_DEPLOYMENT_TARGET = 9.2;
				MTL_ENABLE_DEBUG_INFO = NO;
				SDKROOT = iphoneos;
				TARGETED_DEVICE_FAMILY = "1,2";
				VALIDATE_PRODUCT = YES;
			};
			name = Release;
		};
		05A411091C8DB63900CDAC49 /* Debug */ = {
			isa = XCBuildConfiguration;
			buildSettings = {
				ASSETCATALOG_COMPILER_APPICON_NAME = AppIcon;
				INFOPLIST_FILE = gitTest/Info.plist;
				LD_RUNPATH_SEARCH_PATHS = "$(inherited) @executable_path/Frameworks";
				PRODUCT_BUNDLE_IDENTIFIER = sofiamandersson.se.gitTest;
				PRODUCT_NAME = "$(TARGET_NAME)";
			};
			name = Debug;
		};
		05A4110A1C8DB63900CDAC49 /* Release */ = {
			isa = XCBuildConfiguration;
			buildSettings = {
				ASSETCATALOG_COMPILER_APPICON_NAME = AppIcon;
				INFOPLIST_FILE = gitTest/Info.plist;
				LD_RUNPATH_SEARCH_PATHS = "$(inherited) @executable_path/Frameworks";
				PRODUCT_BUNDLE_IDENTIFIER = sofiamandersson.se.gitTest;
				PRODUCT_NAME = "$(TARGET_NAME)";
			};
			name = Release;
		};
		05A4110C1C8DB63900CDAC49 /* Debug */ = {
			isa = XCBuildConfiguration;
			buildSettings = {
				INFOPLIST_FILE = gitTestUITests/Info.plist;
				LD_RUNPATH_SEARCH_PATHS = "$(inherited) @executable_path/Frameworks @loader_path/Frameworks";
				PRODUCT_BUNDLE_IDENTIFIER = sofiamandersson.se.gitTestUITests;
				PRODUCT_NAME = "$(TARGET_NAME)";
				TEST_TARGET_NAME = gitTest;
				USES_XCTRUNNER = YES;
			};
			name = Debug;
		};
		05A4110D1C8DB63900CDAC49 /* Release */ = {
			isa = XCBuildConfiguration;
			buildSettings = {
				INFOPLIST_FILE = gitTestUITests/Info.plist;
				LD_RUNPATH_SEARCH_PATHS = "$(inherited) @executable_path/Frameworks @loader_path/Frameworks";
				PRODUCT_BUNDLE_IDENTIFIER = sofiamandersson.se.gitTestUITests;
				PRODUCT_NAME = "$(TARGET_NAME)";
				TEST_TARGET_NAME = gitTest;
				USES_XCTRUNNER = YES;
			};
			name = Release;
		};
/* End XCBuildConfiguration section */

/* Begin XCConfigurationList section */
		05A410E61C8DB63900CDAC49 /* Build configuration list for PBXProject "gitTest" */ = {
			isa = XCConfigurationList;
			buildConfigurations = (
				05A411061C8DB63900CDAC49 /* Debug */,
				05A411071C8DB63900CDAC49 /* Release */,
			);
			defaultConfigurationIsVisible = 0;
			defaultConfigurationName = Release;
		};
		05A411081C8DB63900CDAC49 /* Build configuration list for PBXNativeTarget "gitTest" */ = {
			isa = XCConfigurationList;
			buildConfigurations = (
				05A411091C8DB63900CDAC49 /* Debug */,
				05A4110A1C8DB63900CDAC49 /* Release */,
			);
			defaultConfigurationIsVisible = 0;
		};
		05A4110B1C8DB63900CDAC49 /* Build configuration list for PBXNativeTarget "gitTestUITests" */ = {
			isa = XCConfigurationList;
			buildConfigurations = (
				05A4110C1C8DB63900CDAC49 /* Debug */,
				05A4110D1C8DB63900CDAC49 /* Release */,
			);
			defaultConfigurationIsVisible = 0;
		};
/* End XCConfigurationList section */
	};
	rootObject = 05A410E31C8DB63900CDAC49 /* Project object */;
}
